
Microsoft Visual Studio Solution File, Format Version 12.00
# Visual Studio 15
VisualStudioVersion = 15.0.27130.2027
MinimumVisualStudioVersion = 10.0.40219.1
Project("{FAE04EC0-301F-11D3-BF4B-00C04F79EFBC}") = "CEXEngine", "CEXEngine\CEXEngine.csproj", "{F63F1625-804A-431D-99A7-8D636B0766DE}"
EndProject
Project("{9A19103F-16F7-4668-BE54-9A1E7A4F7556}") = "Pact.Palantir.Tests", "Pact.Palantir.Tests\Pact.Palantir.Tests.csproj", "{9CD304ED-789E-499A-9818-A3CB274536E3}"
EndProject
Project("{9A19103F-16F7-4668-BE54-9A1E7A4F7556}") = "Pact.Palantir", "Pact.Palantir\Pact.Palantir.csproj", "{851C12AA-EB37-4242-BC35-4C4430584E96}"
EndProject
Project("{FAE04EC0-301F-11D3-BF4B-00C04F79EFBC}") = "Pact.Palantir.Cucumber", "Pact.Palantir.Cucumber\Pact.Palantir.Cucumber.csproj", "{69BA83D7-F75B-4308-8184-31AD24DF753C}"
EndProject
Project("{9A19103F-16F7-4668-BE54-9A1E7A4F7556}") = "Pact.Palantir.Examples", "Pact.Palantir.Examples\Pact.Palantir.Examples.csproj", "{F70A39B8-9053-427D-BD98-3E8DA1A57933}"
EndProject
Global
	GlobalSection(SolutionConfigurationPlatforms) = preSolution
		Debug|Any CPU = Debug|Any CPU
		Debug|ARM = Debug|ARM
		Debug|ARM64 = Debug|ARM64
		Debug|x64 = Debug|x64
		Debug|x86 = Debug|x86
		Fast|Any CPU = Fast|Any CPU
		Fast|ARM = Fast|ARM
		Fast|ARM64 = Fast|ARM64
		Fast|x64 = Fast|x64
		Fast|x86 = Fast|x86
		Generic|Any CPU = Generic|Any CPU
		Generic|ARM = Generic|ARM
		Generic|ARM64 = Generic|ARM64
		Generic|x64 = Generic|x64
		Generic|x86 = Generic|x86
		Optimized-fast|Any CPU = Optimized-fast|Any CPU
		Optimized-fast|ARM = Optimized-fast|ARM
		Optimized-fast|ARM64 = Optimized-fast|ARM64
		Optimized-fast|x64 = Optimized-fast|x64
		Optimized-fast|x86 = Optimized-fast|x86
		Optimized-generic|Any CPU = Optimized-generic|Any CPU
		Optimized-generic|ARM = Optimized-generic|ARM
		Optimized-generic|ARM64 = Optimized-generic|ARM64
		Optimized-generic|x64 = Optimized-generic|x64
		Optimized-generic|x86 = Optimized-generic|x86
		Release|Any CPU = Release|Any CPU
		Release|ARM = Release|ARM
		Release|ARM64 = Release|ARM64
		Release|x64 = Release|x64
		Release|x86 = Release|x86
	EndGlobalSection
	GlobalSection(ProjectConfigurationPlatforms) = postSolution
		{F63F1625-804A-431D-99A7-8D636B0766DE}.Debug|Any CPU.ActiveCfg = Debug|Any CPU
		{F63F1625-804A-431D-99A7-8D636B0766DE}.Debug|Any CPU.Build.0 = Debug|Any CPU
		{F63F1625-804A-431D-99A7-8D636B0766DE}.Debug|ARM.ActiveCfg = Debug|Any CPU
		{F63F1625-804A-431D-99A7-8D636B0766DE}.Debug|ARM.Build.0 = Debug|Any CPU
		{F63F1625-804A-431D-99A7-8D636B0766DE}.Debug|ARM64.ActiveCfg = Debug|Any CPU
		{F63F1625-804A-431D-99A7-8D636B0766DE}.Debug|ARM64.Build.0 = Debug|Any CPU
		{F63F1625-804A-431D-99A7-8D636B0766DE}.Debug|x64.ActiveCfg = Debug|Any CPU
		{F63F1625-804A-431D-99A7-8D636B0766DE}.Debug|x64.Build.0 = Debug|Any CPU
		{F63F1625-804A-431D-99A7-8D636B0766DE}.Debug|x86.ActiveCfg = Debug|x86
		{F63F1625-804A-431D-99A7-8D636B0766DE}.Debug|x86.Build.0 = Debug|x86
		{F63F1625-804A-431D-99A7-8D636B0766DE}.Fast|Any CPU.ActiveCfg = Release|Any CPU
		{F63F1625-804A-431D-99A7-8D636B0766DE}.Fast|Any CPU.Build.0 = Release|Any CPU
		{F63F1625-804A-431D-99A7-8D636B0766DE}.Fast|ARM.ActiveCfg = Release|Any CPU
		{F63F1625-804A-431D-99A7-8D636B0766DE}.Fast|ARM.Build.0 = Release|Any CPU
		{F63F1625-804A-431D-99A7-8D636B0766DE}.Fast|ARM64.ActiveCfg = Release|Any CPU
		{F63F1625-804A-431D-99A7-8D636B0766DE}.Fast|ARM64.Build.0 = Release|Any CPU
		{F63F1625-804A-431D-99A7-8D636B0766DE}.Fast|x64.ActiveCfg = Release|Any CPU
		{F63F1625-804A-431D-99A7-8D636B0766DE}.Fast|x64.Build.0 = Release|Any CPU
		{F63F1625-804A-431D-99A7-8D636B0766DE}.Fast|x86.ActiveCfg = Release|x86
		{F63F1625-804A-431D-99A7-8D636B0766DE}.Fast|x86.Build.0 = Release|x86
		{F63F1625-804A-431D-99A7-8D636B0766DE}.Generic|Any CPU.ActiveCfg = Release|Any CPU
		{F63F1625-804A-431D-99A7-8D636B0766DE}.Generic|Any CPU.Build.0 = Release|Any CPU
		{F63F1625-804A-431D-99A7-8D636B0766DE}.Generic|ARM.ActiveCfg = Release|Any CPU
		{F63F1625-804A-431D-99A7-8D636B0766DE}.Generic|ARM.Build.0 = Release|Any CPU
		{F63F1625-804A-431D-99A7-8D636B0766DE}.Generic|ARM64.ActiveCfg = Release|Any CPU
		{F63F1625-804A-431D-99A7-8D636B0766DE}.Generic|ARM64.Build.0 = Release|Any CPU
		{F63F1625-804A-431D-99A7-8D636B0766DE}.Generic|x64.ActiveCfg = Release|Any CPU
		{F63F1625-804A-431D-99A7-8D636B0766DE}.Generic|x64.Build.0 = Release|Any CPU
		{F63F1625-804A-431D-99A7-8D636B0766DE}.Generic|x86.ActiveCfg = Release|x86
		{F63F1625-804A-431D-99A7-8D636B0766DE}.Generic|x86.Build.0 = Release|x86
		{F63F1625-804A-431D-99A7-8D636B0766DE}.Optimized-fast|Any CPU.ActiveCfg = Release|Any CPU
		{F63F1625-804A-431D-99A7-8D636B0766DE}.Optimized-fast|Any CPU.Build.0 = Release|Any CPU
		{F63F1625-804A-431D-99A7-8D636B0766DE}.Optimized-fast|ARM.ActiveCfg = Release|Any CPU
		{F63F1625-804A-431D-99A7-8D636B0766DE}.Optimized-fast|ARM.Build.0 = Release|Any CPU
		{F63F1625-804A-431D-99A7-8D636B0766DE}.Optimized-fast|ARM64.ActiveCfg = Release|Any CPU
		{F63F1625-804A-431D-99A7-8D636B0766DE}.Optimized-fast|ARM64.Build.0 = Release|Any CPU
		{F63F1625-804A-431D-99A7-8D636B0766DE}.Optimized-fast|x64.ActiveCfg = Release|Any CPU
		{F63F1625-804A-431D-99A7-8D636B0766DE}.Optimized-fast|x64.Build.0 = Release|Any CPU
		{F63F1625-804A-431D-99A7-8D636B0766DE}.Optimized-fast|x86.ActiveCfg = Release|x86
		{F63F1625-804A-431D-99A7-8D636B0766DE}.Optimized-fast|x86.Build.0 = Release|x86
		{F63F1625-804A-431D-99A7-8D636B0766DE}.Optimized-generic|Any CPU.ActiveCfg = Release|Any CPU
		{F63F1625-804A-431D-99A7-8D636B0766DE}.Optimized-generic|Any CPU.Build.0 = Release|Any CPU
		{F63F1625-804A-431D-99A7-8D636B0766DE}.Optimized-generic|ARM.ActiveCfg = Release|Any CPU
		{F63F1625-804A-431D-99A7-8D636B0766DE}.Optimized-generic|ARM.Build.0 = Release|Any CPU
		{F63F1625-804A-431D-99A7-8D636B0766DE}.Optimized-generic|ARM64.ActiveCfg = Release|Any CPU
		{F63F1625-804A-431D-99A7-8D636B0766DE}.Optimized-generic|ARM64.Build.0 = Release|Any CPU
		{F63F1625-804A-431D-99A7-8D636B0766DE}.Optimized-generic|x64.ActiveCfg = Release|Any CPU
		{F63F1625-804A-431D-99A7-8D636B0766DE}.Optimized-generic|x64.Build.0 = Release|Any CPU
		{F63F1625-804A-431D-99A7-8D636B0766DE}.Optimized-generic|x86.ActiveCfg = Release|x86
		{F63F1625-804A-431D-99A7-8D636B0766DE}.Optimized-generic|x86.Build.0 = Release|x86
		{F63F1625-804A-431D-99A7-8D636B0766DE}.Release|Any CPU.ActiveCfg = Release|Any CPU
		{F63F1625-804A-431D-99A7-8D636B0766DE}.Release|Any CPU.Build.0 = Release|Any CPU
		{F63F1625-804A-431D-99A7-8D636B0766DE}.Release|ARM.ActiveCfg = Release|Any CPU
		{F63F1625-804A-431D-99A7-8D636B0766DE}.Release|ARM.Build.0 = Release|Any CPU
		{F63F1625-804A-431D-99A7-8D636B0766DE}.Release|ARM64.ActiveCfg = Release|Any CPU
		{F63F1625-804A-431D-99A7-8D636B0766DE}.Release|ARM64.Build.0 = Release|Any CPU
		{F63F1625-804A-431D-99A7-8D636B0766DE}.Release|x64.ActiveCfg = Release|Any CPU
		{F63F1625-804A-431D-99A7-8D636B0766DE}.Release|x64.Build.0 = Release|Any CPU
		{F63F1625-804A-431D-99A7-8D636B0766DE}.Release|x86.ActiveCfg = Release|x86
		{F63F1625-804A-431D-99A7-8D636B0766DE}.Release|x86.Build.0 = Release|x86
		{9CD304ED-789E-499A-9818-A3CB274536E3}.Debug|Any CPU.ActiveCfg = Debug|Any CPU
		{9CD304ED-789E-499A-9818-A3CB274536E3}.Debug|Any CPU.Build.0 = Debug|Any CPU
		{9CD304ED-789E-499A-9818-A3CB274536E3}.Debug|ARM.ActiveCfg = Debug|Any CPU
		{9CD304ED-789E-499A-9818-A3CB274536E3}.Debug|ARM.Build.0 = Debug|Any CPU
		{9CD304ED-789E-499A-9818-A3CB274536E3}.Debug|ARM64.ActiveCfg = Debug|Any CPU
		{9CD304ED-789E-499A-9818-A3CB274536E3}.Debug|ARM64.Build.0 = Debug|Any CPU
		{9CD304ED-789E-499A-9818-A3CB274536E3}.Debug|x64.ActiveCfg = Debug|Any CPU
		{9CD304ED-789E-499A-9818-A3CB274536E3}.Debug|x64.Build.0 = Debug|Any CPU
		{9CD304ED-789E-499A-9818-A3CB274536E3}.Debug|x86.ActiveCfg = Debug|Any CPU
		{9CD304ED-789E-499A-9818-A3CB274536E3}.Debug|x86.Build.0 = Debug|Any CPU
		{9CD304ED-789E-499A-9818-A3CB274536E3}.Fast|Any CPU.ActiveCfg = Debug|Any CPU
		{9CD304ED-789E-499A-9818-A3CB274536E3}.Fast|Any CPU.Build.0 = Debug|Any CPU
		{9CD304ED-789E-499A-9818-A3CB274536E3}.Fast|ARM.ActiveCfg = Debug|Any CPU
		{9CD304ED-789E-499A-9818-A3CB274536E3}.Fast|ARM.Build.0 = Debug|Any CPU
		{9CD304ED-789E-499A-9818-A3CB274536E3}.Fast|ARM64.ActiveCfg = Debug|Any CPU
		{9CD304ED-789E-499A-9818-A3CB274536E3}.Fast|ARM64.Build.0 = Debug|Any CPU
		{9CD304ED-789E-499A-9818-A3CB274536E3}.Fast|x64.ActiveCfg = Debug|Any CPU
		{9CD304ED-789E-499A-9818-A3CB274536E3}.Fast|x64.Build.0 = Debug|Any CPU
		{9CD304ED-789E-499A-9818-A3CB274536E3}.Fast|x86.ActiveCfg = Debug|Any CPU
		{9CD304ED-789E-499A-9818-A3CB274536E3}.Fast|x86.Build.0 = Debug|Any CPU
		{9CD304ED-789E-499A-9818-A3CB274536E3}.Generic|Any CPU.ActiveCfg = Debug|Any CPU
		{9CD304ED-789E-499A-9818-A3CB274536E3}.Generic|Any CPU.Build.0 = Debug|Any CPU
		{9CD304ED-789E-499A-9818-A3CB274536E3}.Generic|ARM.ActiveCfg = Debug|Any CPU
		{9CD304ED-789E-499A-9818-A3CB274536E3}.Generic|ARM.Build.0 = Debug|Any CPU
		{9CD304ED-789E-499A-9818-A3CB274536E3}.Generic|ARM64.ActiveCfg = Debug|Any CPU
		{9CD304ED-789E-499A-9818-A3CB274536E3}.Generic|ARM64.Build.0 = Debug|Any CPU
		{9CD304ED-789E-499A-9818-A3CB274536E3}.Generic|x64.ActiveCfg = Debug|Any CPU
		{9CD304ED-789E-499A-9818-A3CB274536E3}.Generic|x64.Build.0 = Debug|Any CPU
		{9CD304ED-789E-499A-9818-A3CB274536E3}.Generic|x86.ActiveCfg = Debug|Any CPU
		{9CD304ED-789E-499A-9818-A3CB274536E3}.Generic|x86.Build.0 = Debug|Any CPU
		{9CD304ED-789E-499A-9818-A3CB274536E3}.Optimized-fast|Any CPU.ActiveCfg = Debug|Any CPU
		{9CD304ED-789E-499A-9818-A3CB274536E3}.Optimized-fast|Any CPU.Build.0 = Debug|Any CPU
		{9CD304ED-789E-499A-9818-A3CB274536E3}.Optimized-fast|ARM.ActiveCfg = Debug|Any CPU
		{9CD304ED-789E-499A-9818-A3CB274536E3}.Optimized-fast|ARM.Build.0 = Debug|Any CPU
		{9CD304ED-789E-499A-9818-A3CB274536E3}.Optimized-fast|ARM64.ActiveCfg = Debug|Any CPU
		{9CD304ED-789E-499A-9818-A3CB274536E3}.Optimized-fast|ARM64.Build.0 = Debug|Any CPU
		{9CD304ED-789E-499A-9818-A3CB274536E3}.Optimized-fast|x64.ActiveCfg = Debug|Any CPU
		{9CD304ED-789E-499A-9818-A3CB274536E3}.Optimized-fast|x64.Build.0 = Debug|Any CPU
		{9CD304ED-789E-499A-9818-A3CB274536E3}.Optimized-fast|x86.ActiveCfg = Debug|Any CPU
		{9CD304ED-789E-499A-9818-A3CB274536E3}.Optimized-fast|x86.Build.0 = Debug|Any CPU
		{9CD304ED-789E-499A-9818-A3CB274536E3}.Optimized-generic|Any CPU.ActiveCfg = Debug|Any CPU
		{9CD304ED-789E-499A-9818-A3CB274536E3}.Optimized-generic|Any CPU.Build.0 = Debug|Any CPU
		{9CD304ED-789E-499A-9818-A3CB274536E3}.Optimized-generic|ARM.ActiveCfg = Debug|Any CPU
		{9CD304ED-789E-499A-9818-A3CB274536E3}.Optimized-generic|ARM.Build.0 = Debug|Any CPU
		{9CD304ED-789E-499A-9818-A3CB274536E3}.Optimized-generic|ARM64.ActiveCfg = Debug|Any CPU
		{9CD304ED-789E-499A-9818-A3CB274536E3}.Optimized-generic|ARM64.Build.0 = Debug|Any CPU
		{9CD304ED-789E-499A-9818-A3CB274536E3}.Optimized-generic|x64.ActiveCfg = Debug|Any CPU
		{9CD304ED-789E-499A-9818-A3CB274536E3}.Optimized-generic|x64.Build.0 = Debug|Any CPU
		{9CD304ED-789E-499A-9818-A3CB274536E3}.Optimized-generic|x86.ActiveCfg = Debug|Any CPU
		{9CD304ED-789E-499A-9818-A3CB274536E3}.Optimized-generic|x86.Build.0 = Debug|Any CPU
		{9CD304ED-789E-499A-9818-A3CB274536E3}.Release|Any CPU.ActiveCfg = Release|Any CPU
		{9CD304ED-789E-499A-9818-A3CB274536E3}.Release|Any CPU.Build.0 = Release|Any CPU
		{9CD304ED-789E-499A-9818-A3CB274536E3}.Release|ARM.ActiveCfg = Release|Any CPU
		{9CD304ED-789E-499A-9818-A3CB274536E3}.Release|ARM.Build.0 = Release|Any CPU
		{9CD304ED-789E-499A-9818-A3CB274536E3}.Release|ARM64.ActiveCfg = Release|Any CPU
		{9CD304ED-789E-499A-9818-A3CB274536E3}.Release|ARM64.Build.0 = Release|Any CPU
		{9CD304ED-789E-499A-9818-A3CB274536E3}.Release|x64.ActiveCfg = Release|Any CPU
		{9CD304ED-789E-499A-9818-A3CB274536E3}.Release|x64.Build.0 = Release|Any CPU
		{9CD304ED-789E-499A-9818-A3CB274536E3}.Release|x86.ActiveCfg = Release|Any CPU
		{9CD304ED-789E-499A-9818-A3CB274536E3}.Release|x86.Build.0 = Release|Any CPU
		{851C12AA-EB37-4242-BC35-4C4430584E96}.Debug|Any CPU.ActiveCfg = Debug|Any CPU
		{851C12AA-EB37-4242-BC35-4C4430584E96}.Debug|Any CPU.Build.0 = Debug|Any CPU
		{851C12AA-EB37-4242-BC35-4C4430584E96}.Debug|ARM.ActiveCfg = Debug|Any CPU
		{851C12AA-EB37-4242-BC35-4C4430584E96}.Debug|ARM.Build.0 = Debug|Any CPU
		{851C12AA-EB37-4242-BC35-4C4430584E96}.Debug|ARM64.ActiveCfg = Debug|Any CPU
		{851C12AA-EB37-4242-BC35-4C4430584E96}.Debug|ARM64.Build.0 = Debug|Any CPU
		{851C12AA-EB37-4242-BC35-4C4430584E96}.Debug|x64.ActiveCfg = Debug|Any CPU
		{851C12AA-EB37-4242-BC35-4C4430584E96}.Debug|x64.Build.0 = Debug|Any CPU
		{851C12AA-EB37-4242-BC35-4C4430584E96}.Debug|x86.ActiveCfg = Debug|Any CPU
		{851C12AA-EB37-4242-BC35-4C4430584E96}.Debug|x86.Build.0 = Debug|Any CPU
		{851C12AA-EB37-4242-BC35-4C4430584E96}.Fast|Any CPU.ActiveCfg = Debug|Any CPU
		{851C12AA-EB37-4242-BC35-4C4430584E96}.Fast|Any CPU.Build.0 = Debug|Any CPU
		{851C12AA-EB37-4242-BC35-4C4430584E96}.Fast|ARM.ActiveCfg = Debug|Any CPU
		{851C12AA-EB37-4242-BC35-4C4430584E96}.Fast|ARM.Build.0 = Debug|Any CPU
		{851C12AA-EB37-4242-BC35-4C4430584E96}.Fast|ARM64.ActiveCfg = Debug|Any CPU
		{851C12AA-EB37-4242-BC35-4C4430584E96}.Fast|ARM64.Build.0 = Debug|Any CPU
		{851C12AA-EB37-4242-BC35-4C4430584E96}.Fast|x64.ActiveCfg = Debug|Any CPU
		{851C12AA-EB37-4242-BC35-4C4430584E96}.Fast|x64.Build.0 = Debug|Any CPU
		{851C12AA-EB37-4242-BC35-4C4430584E96}.Fast|x86.ActiveCfg = Debug|Any CPU
		{851C12AA-EB37-4242-BC35-4C4430584E96}.Fast|x86.Build.0 = Debug|Any CPU
		{851C12AA-EB37-4242-BC35-4C4430584E96}.Generic|Any CPU.ActiveCfg = Debug|Any CPU
		{851C12AA-EB37-4242-BC35-4C4430584E96}.Generic|Any CPU.Build.0 = Debug|Any CPU
		{851C12AA-EB37-4242-BC35-4C4430584E96}.Generic|ARM.ActiveCfg = Debug|Any CPU
		{851C12AA-EB37-4242-BC35-4C4430584E96}.Generic|ARM.Build.0 = Debug|Any CPU
		{851C12AA-EB37-4242-BC35-4C4430584E96}.Generic|ARM64.ActiveCfg = Debug|Any CPU
		{851C12AA-EB37-4242-BC35-4C4430584E96}.Generic|ARM64.Build.0 = Debug|Any CPU
		{851C12AA-EB37-4242-BC35-4C4430584E96}.Generic|x64.ActiveCfg = Debug|Any CPU
		{851C12AA-EB37-4242-BC35-4C4430584E96}.Generic|x64.Build.0 = Debug|Any CPU
		{851C12AA-EB37-4242-BC35-4C4430584E96}.Generic|x86.ActiveCfg = Debug|Any CPU
		{851C12AA-EB37-4242-BC35-4C4430584E96}.Generic|x86.Build.0 = Debug|Any CPU
		{851C12AA-EB37-4242-BC35-4C4430584E96}.Optimized-fast|Any CPU.ActiveCfg = Debug|Any CPU
		{851C12AA-EB37-4242-BC35-4C4430584E96}.Optimized-fast|Any CPU.Build.0 = Debug|Any CPU
		{851C12AA-EB37-4242-BC35-4C4430584E96}.Optimized-fast|ARM.ActiveCfg = Debug|Any CPU
		{851C12AA-EB37-4242-BC35-4C4430584E96}.Optimized-fast|ARM.Build.0 = Debug|Any CPU
		{851C12AA-EB37-4242-BC35-4C4430584E96}.Optimized-fast|ARM64.ActiveCfg = Debug|Any CPU
		{851C12AA-EB37-4242-BC35-4C4430584E96}.Optimized-fast|ARM64.Build.0 = Debug|Any CPU
		{851C12AA-EB37-4242-BC35-4C4430584E96}.Optimized-fast|x64.ActiveCfg = Debug|Any CPU
		{851C12AA-EB37-4242-BC35-4C4430584E96}.Optimized-fast|x64.Build.0 = Debug|Any CPU
		{851C12AA-EB37-4242-BC35-4C4430584E96}.Optimized-fast|x86.ActiveCfg = Debug|Any CPU
		{851C12AA-EB37-4242-BC35-4C4430584E96}.Optimized-fast|x86.Build.0 = Debug|Any CPU
		{851C12AA-EB37-4242-BC35-4C4430584E96}.Optimized-generic|Any CPU.ActiveCfg = Debug|Any CPU
		{851C12AA-EB37-4242-BC35-4C4430584E96}.Optimized-generic|Any CPU.Build.0 = Debug|Any CPU
		{851C12AA-EB37-4242-BC35-4C4430584E96}.Optimized-generic|ARM.ActiveCfg = Debug|Any CPU
		{851C12AA-EB37-4242-BC35-4C4430584E96}.Optimized-generic|ARM.Build.0 = Debug|Any CPU
		{851C12AA-EB37-4242-BC35-4C4430584E96}.Optimized-generic|ARM64.ActiveCfg = Debug|Any CPU
		{851C12AA-EB37-4242-BC35-4C4430584E96}.Optimized-generic|ARM64.Build.0 = Debug|Any CPU
		{851C12AA-EB37-4242-BC35-4C4430584E96}.Optimized-generic|x64.ActiveCfg = Debug|Any CPU
		{851C12AA-EB37-4242-BC35-4C4430584E96}.Optimized-generic|x64.Build.0 = Debug|Any CPU
		{851C12AA-EB37-4242-BC35-4C4430584E96}.Optimized-generic|x86.ActiveCfg = Debug|Any CPU
		{851C12AA-EB37-4242-BC35-4C4430584E96}.Optimized-generic|x86.Build.0 = Debug|Any CPU
		{851C12AA-EB37-4242-BC35-4C4430584E96}.Release|Any CPU.ActiveCfg = Release|Any CPU
		{851C12AA-EB37-4242-BC35-4C4430584E96}.Release|Any CPU.Build.0 = Release|Any CPU
		{851C12AA-EB37-4242-BC35-4C4430584E96}.Release|ARM.ActiveCfg = Release|Any CPU
		{851C12AA-EB37-4242-BC35-4C4430584E96}.Release|ARM.Build.0 = Release|Any CPU
		{851C12AA-EB37-4242-BC35-4C4430584E96}.Release|ARM64.ActiveCfg = Release|Any CPU
		{851C12AA-EB37-4242-BC35-4C4430584E96}.Release|ARM64.Build.0 = Release|Any CPU
		{851C12AA-EB37-4242-BC35-4C4430584E96}.Release|x64.ActiveCfg = Release|Any CPU
		{851C12AA-EB37-4242-BC35-4C4430584E96}.Release|x64.Build.0 = Release|Any CPU
		{851C12AA-EB37-4242-BC35-4C4430584E96}.Release|x86.ActiveCfg = Release|Any CPU
		{851C12AA-EB37-4242-BC35-4C4430584E96}.Release|x86.Build.0 = Release|Any CPU
		{69BA83D7-F75B-4308-8184-31AD24DF753C}.Debug|Any CPU.ActiveCfg = Debug|Any CPU
		{69BA83D7-F75B-4308-8184-31AD24DF753C}.Debug|Any CPU.Build.0 = Debug|Any CPU
		{69BA83D7-F75B-4308-8184-31AD24DF753C}.Debug|ARM.ActiveCfg = Debug|Any CPU
		{69BA83D7-F75B-4308-8184-31AD24DF753C}.Debug|ARM.Build.0 = Debug|Any CPU
		{69BA83D7-F75B-4308-8184-31AD24DF753C}.Debug|ARM64.ActiveCfg = Debug|Any CPU
		{69BA83D7-F75B-4308-8184-31AD24DF753C}.Debug|ARM64.Build.0 = Debug|Any CPU
		{69BA83D7-F75B-4308-8184-31AD24DF753C}.Debug|x64.ActiveCfg = Debug|Any CPU
		{69BA83D7-F75B-4308-8184-31AD24DF753C}.Debug|x64.Build.0 = Debug|Any CPU
		{69BA83D7-F75B-4308-8184-31AD24DF753C}.Debug|x86.ActiveCfg = Debug|Any CPU
		{69BA83D7-F75B-4308-8184-31AD24DF753C}.Debug|x86.Build.0 = Debug|Any CPU
		{69BA83D7-F75B-4308-8184-31AD24DF753C}.Fast|Any CPU.ActiveCfg = Release|Any CPU
		{69BA83D7-F75B-4308-8184-31AD24DF753C}.Fast|Any CPU.Build.0 = Release|Any CPU
		{69BA83D7-F75B-4308-8184-31AD24DF753C}.Fast|ARM.ActiveCfg = Release|Any CPU
		{69BA83D7-F75B-4308-8184-31AD24DF753C}.Fast|ARM.Build.0 = Release|Any CPU
		{69BA83D7-F75B-4308-8184-31AD24DF753C}.Fast|ARM64.ActiveCfg = Release|Any CPU
		{69BA83D7-F75B-4308-8184-31AD24DF753C}.Fast|ARM64.Build.0 = Release|Any CPU
		{69BA83D7-F75B-4308-8184-31AD24DF753C}.Fast|x64.ActiveCfg = Release|Any CPU
		{69BA83D7-F75B-4308-8184-31AD24DF753C}.Fast|x64.Build.0 = Release|Any CPU
		{69BA83D7-F75B-4308-8184-31AD24DF753C}.Fast|x86.ActiveCfg = Release|Any CPU
		{69BA83D7-F75B-4308-8184-31AD24DF753C}.Fast|x86.Build.0 = Release|Any CPU
		{69BA83D7-F75B-4308-8184-31AD24DF753C}.Generic|Any CPU.ActiveCfg = Release|Any CPU
		{69BA83D7-F75B-4308-8184-31AD24DF753C}.Generic|Any CPU.Build.0 = Release|Any CPU
		{69BA83D7-F75B-4308-8184-31AD24DF753C}.Generic|ARM.ActiveCfg = Release|Any CPU
		{69BA83D7-F75B-4308-8184-31AD24DF753C}.Generic|ARM.Build.0 = Release|Any CPU
		{69BA83D7-F75B-4308-8184-31AD24DF753C}.Generic|ARM64.ActiveCfg = Release|Any CPU
		{69BA83D7-F75B-4308-8184-31AD24DF753C}.Generic|ARM64.Build.0 = Release|Any CPU
		{69BA83D7-F75B-4308-8184-31AD24DF753C}.Generic|x64.ActiveCfg = Release|Any CPU
		{69BA83D7-F75B-4308-8184-31AD24DF753C}.Generic|x64.Build.0 = Release|Any CPU
		{69BA83D7-F75B-4308-8184-31AD24DF753C}.Generic|x86.ActiveCfg = Release|Any CPU
		{69BA83D7-F75B-4308-8184-31AD24DF753C}.Generic|x86.Build.0 = Release|Any CPU
		{69BA83D7-F75B-4308-8184-31AD24DF753C}.Optimized-fast|Any CPU.ActiveCfg = Release|Any CPU
		{69BA83D7-F75B-4308-8184-31AD24DF753C}.Optimized-fast|Any CPU.Build.0 = Release|Any CPU
		{69BA83D7-F75B-4308-8184-31AD24DF753C}.Optimized-fast|ARM.ActiveCfg = Release|Any CPU
		{69BA83D7-F75B-4308-8184-31AD24DF753C}.Optimized-fast|ARM.Build.0 = Release|Any CPU
		{69BA83D7-F75B-4308-8184-31AD24DF753C}.Optimized-fast|ARM64.ActiveCfg = Release|Any CPU
		{69BA83D7-F75B-4308-8184-31AD24DF753C}.Optimized-fast|ARM64.Build.0 = Release|Any CPU
		{69BA83D7-F75B-4308-8184-31AD24DF753C}.Optimized-fast|x64.ActiveCfg = Release|Any CPU
		{69BA83D7-F75B-4308-8184-31AD24DF753C}.Optimized-fast|x64.Build.0 = Release|Any CPU
		{69BA83D7-F75B-4308-8184-31AD24DF753C}.Optimized-fast|x86.ActiveCfg = Release|Any CPU
		{69BA83D7-F75B-4308-8184-31AD24DF753C}.Optimized-fast|x86.Build.0 = Release|Any CPU
		{69BA83D7-F75B-4308-8184-31AD24DF753C}.Optimized-generic|Any CPU.ActiveCfg = Release|Any CPU
		{69BA83D7-F75B-4308-8184-31AD24DF753C}.Optimized-generic|Any CPU.Build.0 = Release|Any CPU
		{69BA83D7-F75B-4308-8184-31AD24DF753C}.Optimized-generic|ARM.ActiveCfg = Release|Any CPU
		{69BA83D7-F75B-4308-8184-31AD24DF753C}.Optimized-generic|ARM.Build.0 = Release|Any CPU
		{69BA83D7-F75B-4308-8184-31AD24DF753C}.Optimized-generic|ARM64.ActiveCfg = Release|Any CPU
		{69BA83D7-F75B-4308-8184-31AD24DF753C}.Optimized-generic|ARM64.Build.0 = Release|Any CPU
		{69BA83D7-F75B-4308-8184-31AD24DF753C}.Optimized-generic|x64.ActiveCfg = Release|Any CPU
		{69BA83D7-F75B-4308-8184-31AD24DF753C}.Optimized-generic|x64.Build.0 = Release|Any CPU
		{69BA83D7-F75B-4308-8184-31AD24DF753C}.Optimized-generic|x86.ActiveCfg = Release|Any CPU
		{69BA83D7-F75B-4308-8184-31AD24DF753C}.Optimized-generic|x86.Build.0 = Release|Any CPU
		{69BA83D7-F75B-4308-8184-31AD24DF753C}.Release|Any CPU.ActiveCfg = Release|Any CPU
		{69BA83D7-F75B-4308-8184-31AD24DF753C}.Release|Any CPU.Build.0 = Release|Any CPU
		{69BA83D7-F75B-4308-8184-31AD24DF753C}.Release|ARM.ActiveCfg = Release|Any CPU
		{69BA83D7-F75B-4308-8184-31AD24DF753C}.Release|ARM.Build.0 = Release|Any CPU
		{69BA83D7-F75B-4308-8184-31AD24DF753C}.Release|ARM64.ActiveCfg = Release|Any CPU
		{69BA83D7-F75B-4308-8184-31AD24DF753C}.Release|ARM64.Build.0 = Release|Any CPU
		{69BA83D7-F75B-4308-8184-31AD24DF753C}.Release|x64.ActiveCfg = Release|Any CPU
		{69BA83D7-F75B-4308-8184-31AD24DF753C}.Release|x64.Build.0 = Release|Any CPU
		{69BA83D7-F75B-4308-8184-31AD24DF753C}.Release|x86.ActiveCfg = Release|Any CPU
		{69BA83D7-F75B-4308-8184-31AD24DF753C}.Release|x86.Build.0 = Release|Any CPU
		{F70A39B8-9053-427D-BD98-3E8DA1A57933}.Debug|Any CPU.ActiveCfg = Debug|Any CPU
		{F70A39B8-9053-427D-BD98-3E8DA1A57933}.Debug|Any CPU.Build.0 = Debug|Any CPU
		{F70A39B8-9053-427D-BD98-3E8DA1A57933}.Debug|ARM.ActiveCfg = Debug|Any CPU
		{F70A39B8-9053-427D-BD98-3E8DA1A57933}.Debug|ARM.Build.0 = Debug|Any CPU
		{F70A39B8-9053-427D-BD98-3E8DA1A57933}.Debug|ARM64.ActiveCfg = Debug|Any CPU
		{F70A39B8-9053-427D-BD98-3E8DA1A57933}.Debug|ARM64.Build.0 = Debug|Any CPU
		{F70A39B8-9053-427D-BD98-3E8DA1A57933}.Debug|x64.ActiveCfg = Debug|Any CPU
		{F70A39B8-9053-427D-BD98-3E8DA1A57933}.Debug|x64.Build.0 = Debug|Any CPU
		{F70A39B8-9053-427D-BD98-3E8DA1A57933}.Debug|x86.ActiveCfg = Debug|Any CPU
		{F70A39B8-9053-427D-BD98-3E8DA1A57933}.Debug|x86.Build.0 = Debug|Any CPU
		{F70A39B8-9053-427D-BD98-3E8DA1A57933}.Fast|Any CPU.ActiveCfg = Debug|Any CPU
		{F70A39B8-9053-427D-BD98-3E8DA1A57933}.Fast|Any CPU.Build.0 = Debug|Any CPU
		{F70A39B8-9053-427D-BD98-3E8DA1A57933}.Fast|ARM.ActiveCfg = Debug|Any CPU
		{F70A39B8-9053-427D-BD98-3E8DA1A57933}.Fast|ARM.Build.0 = Debug|Any CPU
		{F70A39B8-9053-427D-BD98-3E8DA1A57933}.Fast|ARM64.ActiveCfg = Debug|Any CPU
		{F70A39B8-9053-427D-BD98-3E8DA1A57933}.Fast|ARM64.Build.0 = Debug|Any CPU
		{F70A39B8-9053-427D-BD98-3E8DA1A57933}.Fast|x64.ActiveCfg = Debug|Any CPU
		{F70A39B8-9053-427D-BD98-3E8DA1A57933}.Fast|x64.Build.0 = Debug|Any CPU
		{F70A39B8-9053-427D-BD98-3E8DA1A57933}.Fast|x86.ActiveCfg = Debug|Any CPU
		{F70A39B8-9053-427D-BD98-3E8DA1A57933}.Fast|x86.Build.0 = Debug|Any CPU
		{F70A39B8-9053-427D-BD98-3E8DA1A57933}.Generic|Any CPU.ActiveCfg = Debug|Any CPU
		{F70A39B8-9053-427D-BD98-3E8DA1A57933}.Generic|Any CPU.Build.0 = Debug|Any CPU
		{F70A39B8-9053-427D-BD98-3E8DA1A57933}.Generic|ARM.ActiveCfg = Debug|Any CPU
		{F70A39B8-9053-427D-BD98-3E8DA1A57933}.Generic|ARM.Build.0 = Debug|Any CPU
		{F70A39B8-9053-427D-BD98-3E8DA1A57933}.Generic|ARM64.ActiveCfg = Debug|Any CPU
		{F70A39B8-9053-427D-BD98-3E8DA1A57933}.Generic|ARM64.Build.0 = Debug|Any CPU
		{F70A39B8-9053-427D-BD98-3E8DA1A57933}.Generic|x64.ActiveCfg = Debug|Any CPU
		{F70A39B8-9053-427D-BD98-3E8DA1A57933}.Generic|x64.Build.0 = Debug|Any CPU
		{F70A39B8-9053-427D-BD98-3E8DA1A57933}.Generic|x86.ActiveCfg = Debug|Any CPU
		{F70A39B8-9053-427D-BD98-3E8DA1A57933}.Generic|x86.Build.0 = Debug|Any CPU
		{F70A39B8-9053-427D-BD98-3E8DA1A57933}.Optimized-fast|Any CPU.ActiveCfg = Debug|Any CPU
		{F70A39B8-9053-427D-BD98-3E8DA1A57933}.Optimized-fast|Any CPU.Build.0 = Debug|Any CPU
		{F70A39B8-9053-427D-BD98-3E8DA1A57933}.Optimized-fast|ARM.ActiveCfg = Debug|Any CPU
		{F70A39B8-9053-427D-BD98-3E8DA1A57933}.Optimized-fast|ARM.Build.0 = Debug|Any CPU
		{F70A39B8-9053-427D-BD98-3E8DA1A57933}.Optimized-fast|ARM64.ActiveCfg = Debug|Any CPU
		{F70A39B8-9053-427D-BD98-3E8DA1A57933}.Optimized-fast|ARM64.Build.0 = Debug|Any CPU
		{F70A39B8-9053-427D-BD98-3E8DA1A57933}.Optimized-fast|x64.ActiveCfg = Debug|Any CPU
		{F70A39B8-9053-427D-BD98-3E8DA1A57933}.Optimized-fast|x64.Build.0 = Debug|Any CPU
		{F70A39B8-9053-427D-BD98-3E8DA1A57933}.Optimized-fast|x86.ActiveCfg = Debug|Any CPU
		{F70A39B8-9053-427D-BD98-3E8DA1A57933}.Optimized-fast|x86.Build.0 = Debug|Any CPU
		{F70A39B8-9053-427D-BD98-3E8DA1A57933}.Optimized-generic|Any CPU.ActiveCfg = Debug|Any CPU
		{F70A39B8-9053-427D-BD98-3E8DA1A57933}.Optimized-generic|Any CPU.Build.0 = Debug|Any CPU
		{F70A39B8-9053-427D-BD98-3E8DA1A57933}.Optimized-generic|ARM.ActiveCfg = Debug|Any CPU
		{F70A39B8-9053-427D-BD98-3E8DA1A57933}.Optimized-generic|ARM.Build.0 = Debug|Any CPU
		{F70A39B8-9053-427D-BD98-3E8DA1A57933}.Optimized-generic|ARM64.ActiveCfg = Debug|Any CPU
		{F70A39B8-9053-427D-BD98-3E8DA1A57933}.Optimized-generic|ARM64.Build.0 = Debug|Any CPU
		{F70A39B8-9053-427D-BD98-3E8DA1A57933}.Optimized-generic|x64.ActiveCfg = Debug|Any CPU
		{F70A39B8-9053-427D-BD98-3E8DA1A57933}.Optimized-generic|x64.Build.0 = Debug|Any CPU
		{F70A39B8-9053-427D-BD98-3E8DA1A57933}.Optimized-generic|x86.ActiveCfg = Debug|Any CPU
		{F70A39B8-9053-427D-BD98-3E8DA1A57933}.Optimized-generic|x86.Build.0 = Debug|Any CPU
		{F70A39B8-9053-427D-BD98-3E8DA1A57933}.Release|Any CPU.ActiveCfg = Release|Any CPU
		{F70A39B8-9053-427D-BD98-3E8DA1A57933}.Release|Any CPU.Build.0 = Release|Any CPU
		{F70A39B8-9053-427D-BD98-3E8DA1A57933}.Release|ARM.ActiveCfg = Release|Any CPU
		{F70A39B8-9053-427D-BD98-3E8DA1A57933}.Release|ARM.Build.0 = Release|Any CPU
		{F70A39B8-9053-427D-BD98-3E8DA1A57933}.Release|ARM64.ActiveCfg = Release|Any CPU
		{F70A39B8-9053-427D-BD98-3E8DA1A57933}.Release|ARM64.Build.0 = Release|Any CPU
		{F70A39B8-9053-427D-BD98-3E8DA1A57933}.Release|x64.ActiveCfg = Release|Any CPU
		{F70A39B8-9053-427D-BD98-3E8DA1A57933}.Release|x64.Build.0 = Release|Any CPU
		{F70A39B8-9053-427D-BD98-3E8DA1A57933}.Release|x86.ActiveCfg = Release|Any CPU
		{F70A39B8-9053-427D-BD98-3E8DA1A57933}.Release|x86.Build.0 = Release|Any CPU
	EndGlobalSection
	GlobalSection(SolutionProperties) = preSolution
		HideSolutionNode = FALSE
	EndGlobalSection
	GlobalSection(ExtensibilityGlobals) = postSolution
		SolutionGuid = {87D8D553-69AD-4493-810E-42AC1F6A539D}
	EndGlobalSection
EndGlobal
