
Microsoft Visual Studio Solution File, Format Version 12.00
# Visual Studio 15
VisualStudioVersion = 15.0.28307.489
MinimumVisualStudioVersion = 10.0.40219.1
Project("{FAE04EC0-301F-11D3-BF4B-00C04F79EFBC}") = "Check.Cheque.Protocol.Core", "Check.Cheque.Protocol.Core\Check.Cheque.Protocol.Core.csproj", "{2B111B03-C499-4DE7-ADCC-1ECD3FF7FD86}"
EndProject
Project("{FAE04EC0-301F-11D3-BF4B-00C04F79EFBC}") = "Check.Cheque.Protocol.Core.Tests", "..\Check.Cheque.Protocol.Core.Tests\Check.Cheque.Protocol.Core.Tests.csproj", "{BBC278CF-F03E-4C24-B464-D36FDA8F35E6}"
EndProject
Global
	GlobalSection(SolutionConfigurationPlatforms) = preSolution
		Debug|Any CPU = Debug|Any CPU
		Debug|x86 = Debug|x86
		Release|Any CPU = Release|Any CPU
		Release|x86 = Release|x86
	EndGlobalSection
	GlobalSection(ProjectConfigurationPlatforms) = postSolution
		{2B111B03-C499-4DE7-ADCC-1ECD3FF7FD86}.Debug|Any CPU.ActiveCfg = Debug|Any CPU
		{2B111B03-C499-4DE7-ADCC-1ECD3FF7FD86}.Debug|Any CPU.Build.0 = Debug|Any CPU
		{2B111B03-C499-4DE7-ADCC-1ECD3FF7FD86}.Debug|x86.ActiveCfg = Debug|Any CPU
		{2B111B03-C499-4DE7-ADCC-1ECD3FF7FD86}.Debug|x86.Build.0 = Debug|Any CPU
		{2B111B03-C499-4DE7-ADCC-1ECD3FF7FD86}.Release|Any CPU.ActiveCfg = Release|Any CPU
		{2B111B03-C499-4DE7-ADCC-1ECD3FF7FD86}.Release|Any CPU.Build.0 = Release|Any CPU
		{2B111B03-C499-4DE7-ADCC-1ECD3FF7FD86}.Release|x86.ActiveCfg = Release|Any CPU
		{2B111B03-C499-4DE7-ADCC-1ECD3FF7FD86}.Release|x86.Build.0 = Release|Any CPU
		{BBC278CF-F03E-4C24-B464-D36FDA8F35E6}.Debug|Any CPU.ActiveCfg = Debug|Any CPU
		{BBC278CF-F03E-4C24-B464-D36FDA8F35E6}.Debug|Any CPU.Build.0 = Debug|Any CPU
		{BBC278CF-F03E-4C24-B464-D36FDA8F35E6}.Debug|x86.ActiveCfg = Debug|Any CPU
		{BBC278CF-F03E-4C24-B464-D36FDA8F35E6}.Debug|x86.Build.0 = Debug|Any CPU
		{BBC278CF-F03E-4C24-B464-D36FDA8F35E6}.Release|Any CPU.ActiveCfg = Release|Any CPU
		{BBC278CF-F03E-4C24-B464-D36FDA8F35E6}.Release|Any CPU.Build.0 = Release|Any CPU
		{BBC278CF-F03E-4C24-B464-D36FDA8F35E6}.Release|x86.ActiveCfg = Release|Any CPU
		{BBC278CF-F03E-4C24-B464-D36FDA8F35E6}.Release|x86.Build.0 = Release|Any CPU
	EndGlobalSection
	GlobalSection(SolutionProperties) = preSolution
		HideSolutionNode = FALSE
	EndGlobalSection
	GlobalSection(ExtensibilityGlobals) = postSolution
		SolutionGuid = {8DCEC0F6-99C1-4C1A-9613-A00F67CDF87A}
	EndGlobalSection
EndGlobal
